
Microsoft Visual Studio Solution File, Format Version 12.00
# Visual Studio Version 16
VisualStudioVersion = 16.0.29613.14
MinimumVisualStudioVersion = 10.0.40219.1
Project("{9A19103F-16F7-4668-BE54-9A1E7A4F7556}") = "LuNari", "LuNari\LuNari.csproj", "{359A216F-1B6D-4A82-B75A-09509A23830A}"
EndProject
Project("{9A19103F-16F7-4668-BE54-9A1E7A4F7556}") = "LuNariTest", "LuNariTest\LuNariTest.csproj", "{BC464A8F-DA52-4F2B-87FC-F79D130A15FF}"
EndProject
Project("{2150E333-8FDC-42A3-9474-1A3956D46DE8}") = "root", "root", "{F23EF90C-E980-4827-8107-6FAC6F1B24EF}"
	ProjectSection(SolutionItems) = preProject
		.gitignore = .gitignore
		.version = .version
		build.bat = build.bat
		changelog.txt = changelog.txt
		gnt.core = gnt.core
		LICENSE = LICENSE
		packages.config = packages.config
		Readme.md = Readme.md
	EndProjectSection
EndProject
Project("{2150E333-8FDC-42A3-9474-1A3956D46DE8}") = "root", "root", "{21C4CA5C-BA1D-4065-B8B2-2A12FBDF86BF}"
	ProjectSection(SolutionItems) = preProject
		Conari\.gitignore = Conari\.gitignore
		Conari\.version = Conari\.version
		Conari\build.bat = Conari\build.bat
		Conari\changelog.txt = Conari\changelog.txt
		Conari\Conari.nuspec = Conari\Conari.nuspec
		Conari\gnt.core = Conari\gnt.core
		Conari\LICENSE = Conari\LICENSE
		Conari\packages.config = Conari\packages.config
		Conari\Readme.md = Conari\Readme.md
	EndProjectSection
EndProject
Project("{9A19103F-16F7-4668-BE54-9A1E7A4F7556}") = "Conari", "Conari\Conari\Conari.csproj", "{27152FD4-7B94-4AF0-A7ED-BE7E7A196D57}"
EndProject
Project("{9A19103F-16F7-4668-BE54-9A1E7A4F7556}") = "ConariTest", "Conari\ConariTest\ConariTest.csproj", "{0AEEC49E-07A5-4A55-9673-9346C3A7BC03}"
	ProjectSection(ProjectDependencies) = postProject
		{CC2B5ECA-0D15-4BC8-A779-C6013FA0A11B} = {CC2B5ECA-0D15-4BC8-A779-C6013FA0A11B}
	EndProjectSection
EndProject
Project("{9A19103F-16F7-4668-BE54-9A1E7A4F7556}") = "GenDelegates", "Conari\GenDelegates\GenDelegates.csproj", "{40CCC613-93D0-4F80-A99B-36112BD5D815}"
EndProject
Project("{2150E333-8FDC-42A3-9474-1A3956D46DE8}") = "Conari", "Conari", "{B8FABCD7-D14E-4105-AE53-F861D8F09A2E}"
EndProject
Project("{2150E333-8FDC-42A3-9474-1A3956D46DE8}") = "LuNari", "LuNari", "{F8FFB798-9677-4DF8-ACC8-C806A2A6B3EF}"
EndProject
Project("{8BC9CEB8-8B4A-11D0-8D11-00A0C91BC942}") = "UnLib", "Conari\UnLib\UnLib.vcxproj", "{CC2B5ECA-0D15-4BC8-A779-C6013FA0A11B}"
EndProject
Global
	GlobalSection(SolutionConfigurationPlatforms) = preSolution
		Debug|Any CPU = Debug|Any CPU
		Debug|x64 = Debug|x64
		Debug|x86 = Debug|x86
		PublicRelease|Any CPU = PublicRelease|Any CPU
		PublicRelease|x64 = PublicRelease|x64
		PublicRelease|x86 = PublicRelease|x86
		Release|Any CPU = Release|Any CPU
		Release|x64 = Release|x64
		Release|x86 = Release|x86
	EndGlobalSection
	GlobalSection(ProjectConfigurationPlatforms) = postSolution
		{359A216F-1B6D-4A82-B75A-09509A23830A}.Debug|Any CPU.ActiveCfg = Debug|Any CPU
		{359A216F-1B6D-4A82-B75A-09509A23830A}.Debug|Any CPU.Build.0 = Debug|Any CPU
		{359A216F-1B6D-4A82-B75A-09509A23830A}.Debug|x64.ActiveCfg = Debug|Any CPU
		{359A216F-1B6D-4A82-B75A-09509A23830A}.Debug|x64.Build.0 = Debug|Any CPU
		{359A216F-1B6D-4A82-B75A-09509A23830A}.Debug|x86.ActiveCfg = Debug|Any CPU
		{359A216F-1B6D-4A82-B75A-09509A23830A}.Debug|x86.Build.0 = Debug|Any CPU
		{359A216F-1B6D-4A82-B75A-09509A23830A}.PublicRelease|Any CPU.ActiveCfg = Release|Any CPU
		{359A216F-1B6D-4A82-B75A-09509A23830A}.PublicRelease|Any CPU.Build.0 = Release|Any CPU
		{359A216F-1B6D-4A82-B75A-09509A23830A}.PublicRelease|x64.ActiveCfg = Release|Any CPU
		{359A216F-1B6D-4A82-B75A-09509A23830A}.PublicRelease|x64.Build.0 = Release|Any CPU
		{359A216F-1B6D-4A82-B75A-09509A23830A}.PublicRelease|x86.ActiveCfg = Release|Any CPU
		{359A216F-1B6D-4A82-B75A-09509A23830A}.PublicRelease|x86.Build.0 = Release|Any CPU
		{359A216F-1B6D-4A82-B75A-09509A23830A}.Release|Any CPU.ActiveCfg = Release|Any CPU
		{359A216F-1B6D-4A82-B75A-09509A23830A}.Release|Any CPU.Build.0 = Release|Any CPU
		{359A216F-1B6D-4A82-B75A-09509A23830A}.Release|x64.ActiveCfg = Release|Any CPU
		{359A216F-1B6D-4A82-B75A-09509A23830A}.Release|x64.Build.0 = Release|Any CPU
		{359A216F-1B6D-4A82-B75A-09509A23830A}.Release|x86.ActiveCfg = Release|Any CPU
		{359A216F-1B6D-4A82-B75A-09509A23830A}.Release|x86.Build.0 = Release|Any CPU
		{BC464A8F-DA52-4F2B-87FC-F79D130A15FF}.Debug|Any CPU.ActiveCfg = Debug|Any CPU
		{BC464A8F-DA52-4F2B-87FC-F79D130A15FF}.Debug|Any CPU.Build.0 = Debug|Any CPU
		{BC464A8F-DA52-4F2B-87FC-F79D130A15FF}.Debug|x64.ActiveCfg = Debug|Any CPU
		{BC464A8F-DA52-4F2B-87FC-F79D130A15FF}.Debug|x64.Build.0 = Debug|Any CPU
		{BC464A8F-DA52-4F2B-87FC-F79D130A15FF}.Debug|x86.ActiveCfg = Debug|Any CPU
		{BC464A8F-DA52-4F2B-87FC-F79D130A15FF}.Debug|x86.Build.0 = Debug|Any CPU
		{BC464A8F-DA52-4F2B-87FC-F79D130A15FF}.PublicRelease|Any CPU.ActiveCfg = Release|Any CPU
		{BC464A8F-DA52-4F2B-87FC-F79D130A15FF}.PublicRelease|Any CPU.Build.0 = Release|Any CPU
		{BC464A8F-DA52-4F2B-87FC-F79D130A15FF}.PublicRelease|x64.ActiveCfg = Release|Any CPU
		{BC464A8F-DA52-4F2B-87FC-F79D130A15FF}.PublicRelease|x64.Build.0 = Release|Any CPU
		{BC464A8F-DA52-4F2B-87FC-F79D130A15FF}.PublicRelease|x86.ActiveCfg = Release|Any CPU
		{BC464A8F-DA52-4F2B-87FC-F79D130A15FF}.PublicRelease|x86.Build.0 = Release|Any CPU
		{BC464A8F-DA52-4F2B-87FC-F79D130A15FF}.Release|Any CPU.ActiveCfg = Release|Any CPU
		{BC464A8F-DA52-4F2B-87FC-F79D130A15FF}.Release|Any CPU.Build.0 = Release|Any CPU
		{BC464A8F-DA52-4F2B-87FC-F79D130A15FF}.Release|x64.ActiveCfg = Release|Any CPU
		{BC464A8F-DA52-4F2B-87FC-F79D130A15FF}.Release|x64.Build.0 = Release|Any CPU
		{BC464A8F-DA52-4F2B-87FC-F79D130A15FF}.Release|x86.ActiveCfg = Release|Any CPU
		{BC464A8F-DA52-4F2B-87FC-F79D130A15FF}.Release|x86.Build.0 = Release|Any CPU
		{27152FD4-7B94-4AF0-A7ED-BE7E7A196D57}.Debug|Any CPU.ActiveCfg = Debug|Any CPU
		{27152FD4-7B94-4AF0-A7ED-BE7E7A196D57}.Debug|Any CPU.Build.0 = Debug|Any CPU
		{27152FD4-7B94-4AF0-A7ED-BE7E7A196D57}.Debug|x64.ActiveCfg = Debug|Any CPU
		{27152FD4-7B94-4AF0-A7ED-BE7E7A196D57}.Debug|x64.Build.0 = Debug|Any CPU
		{27152FD4-7B94-4AF0-A7ED-BE7E7A196D57}.Debug|x86.ActiveCfg = Debug|Any CPU
		{27152FD4-7B94-4AF0-A7ED-BE7E7A196D57}.Debug|x86.Build.0 = Debug|Any CPU
		{27152FD4-7B94-4AF0-A7ED-BE7E7A196D57}.PublicRelease|Any CPU.ActiveCfg = Release|Any CPU
		{27152FD4-7B94-4AF0-A7ED-BE7E7A196D57}.PublicRelease|Any CPU.Build.0 = Release|Any CPU
		{27152FD4-7B94-4AF0-A7ED-BE7E7A196D57}.PublicRelease|x64.ActiveCfg = Release|Any CPU
		{27152FD4-7B94-4AF0-A7ED-BE7E7A196D57}.PublicRelease|x64.Build.0 = Release|Any CPU
		{27152FD4-7B94-4AF0-A7ED-BE7E7A196D57}.PublicRelease|x86.ActiveCfg = Release|Any CPU
		{27152FD4-7B94-4AF0-A7ED-BE7E7A196D57}.PublicRelease|x86.Build.0 = Release|Any CPU
		{27152FD4-7B94-4AF0-A7ED-BE7E7A196D57}.Release|Any CPU.ActiveCfg = Release|Any CPU
		{27152FD4-7B94-4AF0-A7ED-BE7E7A196D57}.Release|Any CPU.Build.0 = Release|Any CPU
		{27152FD4-7B94-4AF0-A7ED-BE7E7A196D57}.Release|x64.ActiveCfg = Release|Any CPU
		{27152FD4-7B94-4AF0-A7ED-BE7E7A196D57}.Release|x64.Build.0 = Release|Any CPU
		{27152FD4-7B94-4AF0-A7ED-BE7E7A196D57}.Release|x86.ActiveCfg = Release|Any CPU
		{27152FD4-7B94-4AF0-A7ED-BE7E7A196D57}.Release|x86.Build.0 = Release|Any CPU
		{0AEEC49E-07A5-4A55-9673-9346C3A7BC03}.Debug|Any CPU.ActiveCfg = Debug|Any CPU
		{0AEEC49E-07A5-4A55-9673-9346C3A7BC03}.Debug|Any CPU.Build.0 = Debug|Any CPU
		{0AEEC49E-07A5-4A55-9673-9346C3A7BC03}.Debug|x64.ActiveCfg = Debug|Any CPU
		{0AEEC49E-07A5-4A55-9673-9346C3A7BC03}.Debug|x64.Build.0 = Debug|Any CPU
		{0AEEC49E-07A5-4A55-9673-9346C3A7BC03}.Debug|x86.ActiveCfg = Debug|Any CPU
		{0AEEC49E-07A5-4A55-9673-9346C3A7BC03}.Debug|x86.Build.0 = Debug|Any CPU
		{0AEEC49E-07A5-4A55-9673-9346C3A7BC03}.PublicRelease|Any CPU.ActiveCfg = Release|Any CPU
		{0AEEC49E-07A5-4A55-9673-9346C3A7BC03}.PublicRelease|Any CPU.Build.0 = Release|Any CPU
		{0AEEC49E-07A5-4A55-9673-9346C3A7BC03}.PublicRelease|x64.ActiveCfg = Release|Any CPU
		{0AEEC49E-07A5-4A55-9673-9346C3A7BC03}.PublicRelease|x64.Build.0 = Release|Any CPU
		{0AEEC49E-07A5-4A55-9673-9346C3A7BC03}.PublicRelease|x86.ActiveCfg = Release|Any CPU
		{0AEEC49E-07A5-4A55-9673-9346C3A7BC03}.PublicRelease|x86.Build.0 = Release|Any CPU
		{0AEEC49E-07A5-4A55-9673-9346C3A7BC03}.Release|Any CPU.ActiveCfg = Release|Any CPU
		{0AEEC49E-07A5-4A55-9673-9346C3A7BC03}.Release|Any CPU.Build.0 = Release|Any CPU
		{0AEEC49E-07A5-4A55-9673-9346C3A7BC03}.Release|x64.ActiveCfg = Release|Any CPU
		{0AEEC49E-07A5-4A55-9673-9346C3A7BC03}.Release|x64.Build.0 = Release|Any CPU
		{0AEEC49E-07A5-4A55-9673-9346C3A7BC03}.Release|x86.ActiveCfg = Release|Any CPU
		{0AEEC49E-07A5-4A55-9673-9346C3A7BC03}.Release|x86.Build.0 = Release|Any CPU
		{40CCC613-93D0-4F80-A99B-36112BD5D815}.Debug|Any CPU.ActiveCfg = Debug|Any CPU
		{40CCC613-93D0-4F80-A99B-36112BD5D815}.Debug|Any CPU.Build.0 = Debug|Any CPU
		{40CCC613-93D0-4F80-A99B-36112BD5D815}.Debug|x64.ActiveCfg = Debug|Any CPU
		{40CCC613-93D0-4F80-A99B-36112BD5D815}.Debug|x64.Build.0 = Debug|Any CPU
		{40CCC613-93D0-4F80-A99B-36112BD5D815}.Debug|x86.ActiveCfg = Debug|Any CPU
		{40CCC613-93D0-4F80-A99B-36112BD5D815}.Debug|x86.Build.0 = Debug|Any CPU
		{40CCC613-93D0-4F80-A99B-36112BD5D815}.PublicRelease|Any CPU.ActiveCfg = Release|Any CPU
		{40CCC613-93D0-4F80-A99B-36112BD5D815}.PublicRelease|Any CPU.Build.0 = Release|Any CPU
		{40CCC613-93D0-4F80-A99B-36112BD5D815}.PublicRelease|x64.ActiveCfg = Release|Any CPU
		{40CCC613-93D0-4F80-A99B-36112BD5D815}.PublicRelease|x64.Build.0 = Release|Any CPU
		{40CCC613-93D0-4F80-A99B-36112BD5D815}.PublicRelease|x86.ActiveCfg = Release|Any CPU
		{40CCC613-93D0-4F80-A99B-36112BD5D815}.PublicRelease|x86.Build.0 = Release|Any CPU
		{40CCC613-93D0-4F80-A99B-36112BD5D815}.Release|Any CPU.ActiveCfg = Release|Any CPU
		{40CCC613-93D0-4F80-A99B-36112BD5D815}.Release|Any CPU.Build.0 = Release|Any CPU
		{40CCC613-93D0-4F80-A99B-36112BD5D815}.Release|x64.ActiveCfg = Release|Any CPU
		{40CCC613-93D0-4F80-A99B-36112BD5D815}.Release|x64.Build.0 = Release|Any CPU
		{40CCC613-93D0-4F80-A99B-36112BD5D815}.Release|x86.ActiveCfg = Release|Any CPU
		{40CCC613-93D0-4F80-A99B-36112BD5D815}.Release|x86.Build.0 = Release|Any CPU
		{CC2B5ECA-0D15-4BC8-A779-C6013FA0A11B}.Debug|Any CPU.ActiveCfg = Debug|x64
		{CC2B5ECA-0D15-4BC8-A779-C6013FA0A11B}.Debug|Any CPU.Build.0 = Debug|x64
		{CC2B5ECA-0D15-4BC8-A779-C6013FA0A11B}.Debug|x64.ActiveCfg = Debug|x64
		{CC2B5ECA-0D15-4BC8-A779-C6013FA0A11B}.Debug|x64.Build.0 = Debug|x64
		{CC2B5ECA-0D15-4BC8-A779-C6013FA0A11B}.Debug|x86.ActiveCfg = Debug|Win32
		{CC2B5ECA-0D15-4BC8-A779-C6013FA0A11B}.Debug|x86.Build.0 = Debug|Win32
		{CC2B5ECA-0D15-4BC8-A779-C6013FA0A11B}.PublicRelease|Any CPU.ActiveCfg = Release|x64
		{CC2B5ECA-0D15-4BC8-A779-C6013FA0A11B}.PublicRelease|Any CPU.Build.0 = Release|x64
		{CC2B5ECA-0D15-4BC8-A779-C6013FA0A11B}.PublicRelease|x64.ActiveCfg = Release|x64
		{CC2B5ECA-0D15-4BC8-A779-C6013FA0A11B}.PublicRelease|x64.Build.0 = Release|x64
		{CC2B5ECA-0D15-4BC8-A779-C6013FA0A11B}.PublicRelease|x86.ActiveCfg = Release|Win32
		{CC2B5ECA-0D15-4BC8-A779-C6013FA0A11B}.PublicRelease|x86.Build.0 = Release|Win32
		{CC2B5ECA-0D15-4BC8-A779-C6013FA0A11B}.Release|Any CPU.ActiveCfg = Release|x64
		{CC2B5ECA-0D15-4BC8-A779-C6013FA0A11B}.Release|Any CPU.Build.0 = Release|x64
		{CC2B5ECA-0D15-4BC8-A779-C6013FA0A11B}.Release|x64.ActiveCfg = Release|x64
		{CC2B5ECA-0D15-4BC8-A779-C6013FA0A11B}.Release|x64.Build.0 = Release|x64
		{CC2B5ECA-0D15-4BC8-A779-C6013FA0A11B}.Release|x86.ActiveCfg = Release|Win32
		{CC2B5ECA-0D15-4BC8-A779-C6013FA0A11B}.Release|x86.Build.0 = Release|Win32
	EndGlobalSection
	GlobalSection(SolutionProperties) = preSolution
		HideSolutionNode = FALSE
	EndGlobalSection
	GlobalSection(NestedProjects) = preSolution
		{359A216F-1B6D-4A82-B75A-09509A23830A} = {F8FFB798-9677-4DF8-ACC8-C806A2A6B3EF}
		{BC464A8F-DA52-4F2B-87FC-F79D130A15FF} = {F8FFB798-9677-4DF8-ACC8-C806A2A6B3EF}
		{F23EF90C-E980-4827-8107-6FAC6F1B24EF} = {F8FFB798-9677-4DF8-ACC8-C806A2A6B3EF}
		{21C4CA5C-BA1D-4065-B8B2-2A12FBDF86BF} = {B8FABCD7-D14E-4105-AE53-F861D8F09A2E}
		{27152FD4-7B94-4AF0-A7ED-BE7E7A196D57} = {B8FABCD7-D14E-4105-AE53-F861D8F09A2E}
		{0AEEC49E-07A5-4A55-9673-9346C3A7BC03} = {B8FABCD7-D14E-4105-AE53-F861D8F09A2E}
		{40CCC613-93D0-4F80-A99B-36112BD5D815} = {B8FABCD7-D14E-4105-AE53-F861D8F09A2E}
		{CC2B5ECA-0D15-4BC8-A779-C6013FA0A11B} = {B8FABCD7-D14E-4105-AE53-F861D8F09A2E}
	EndGlobalSection
	GlobalSection(ExtensibilityGlobals) = postSolution
		SolutionGuid = {66E62E71-C101-4100-A4DF-A2427E9B830F}
	EndGlobalSection
EndGlobal
